PODS:
  - NCMB (1.2.2)

DEPENDENCIES:
  - NCMB (from `https://github.com/NIFCloud-mbaas/ncmb_swift`, branch `feature/test_swift_5.5`)

EXTERNAL SOURCES:
  NCMB:
    :branch: feature/test_swift_5.5
    :git: https://github.com/NIFCloud-mbaas/ncmb_swift

CHECKOUT OPTIONS:
  NCMB:
    :commit: deda7bf869e4c0aa3184c7fd3247b886b3263581
    :git: https://github.com/NIFCloud-mbaas/ncmb_swift

SPEC CHECKSUMS:
  NCMB: ea46865aa09c970e6154bf6a5d9496e51d106327

PODFILE CHECKSUM: cfbe4400228bcc6424f2db7109019cbbd8863673

COCOAPODS: 1.11.2
